// !$*UTF8*$!
{
	archiveVersion = 1;
	classes = {
	};
	objectVersion = 46;
	objects = {

/* Begin PBXBuildFile section */
		54C8DD5C1BAD44810044C43D /* AppDelegate.swift in Sources */ = {isa = PBXBuildFile; fileRef = 54C8DD5B1BAD44810044C43D /* AppDelegate.swift */; };
		54C8DD5E1BAD44810044C43D /* ViewController.swift in Sources */ = {isa = PBXBuildFile; fileRef = 54C8DD5D1BAD44810044C43D /* ViewController.swift */; };
		54C8DD611BAD44810044C43D /* Main.storyboard in Resources */ = {isa = PBXBuildFile; fileRef = 54C8DD5F1BAD44810044C43D /* Main.storyboard */; };
		54C8DD631BAD44810044C43D /* Assets.xcassets in Resources */ = {isa = PBXBuildFile; fileRef = 54C8DD621BAD44810044C43D /* Assets.xcassets */; };
		54C8DD661BAD44810044C43D /* LaunchScreen.storyboard in Resources */ = {isa = PBXBuildFile; fileRef = 54C8DD641BAD44810044C43D /* LaunchScreen.storyboard */; };
		54C8DD6E1BAD46960044C43D /* XXXProductManager.swift in Sources */ = {isa = PBXBuildFile; fileRef = 54C8DD6D1BAD46960044C43D /* XXXProductManager.swift */; settings = {ASSET_TAGS = (); }; };
		54C8DD701BAD48E60044C43D /* XXXPurchaseManager.swift in Sources */ = {isa = PBXBuildFile; fileRef = 54C8DD6F1BAD48E60044C43D /* XXXPurchaseManager.swift */; settings = {ASSET_TAGS = (); }; };
/* End PBXBuildFile section */

/* Begin PBXFileReference section */
		54C8DD581BAD44810044C43D /* PurchaseSample.app */ = {isa = PBXFileReference; explicitFileType = wrapper.application; includeInIndex = 0; path = PurchaseSample.app; sourceTree = BUILT_PRODUCTS_DIR; };
		54C8DD5B1BAD44810044C43D /* AppDelegate.swift */ = {isa = PBXFileReference; lastKnownFileType = sourcecode.swift; path = AppDelegate.swift; sourceTree = "<group>"; };
		54C8DD5D1BAD44810044C43D /* ViewController.swift */ = {isa = PBXFileReference; lastKnownFileType = sourcecode.swift; path = ViewController.swift; sourceTree = "<group>"; };
		54C8DD601BAD44810044C43D /* Base */ = {isa = PBXFileReference; lastKnownFileType = file.storyboard; name = Base; path = Base.lproj/Main.storyboard; sourceTree = "<group>"; };
		54C8DD621BAD44810044C43D /* Assets.xcassets */ = {isa = PBXFileReference; lastKnownFileType = folder.assetcatalog; path = Assets.xcassets; sourceTree = "<group>"; };
		54C8DD651BAD44810044C43D /* Base */ = {isa = PBXFileReference; lastKnownFileType = file.storyboard; name = Base; path = Base.lproj/LaunchScreen.storyboard; sourceTree = "<group>"; };
		54C8DD671BAD44810044C43D /* Info.plist */ = {isa = PBXFileReference; lastKnownFileType = text.plist.xml; path = Info.plist; sourceTree = "<group>"; };
		54C8DD6D1BAD46960044C43D /* XXXProductManager.swift */ = {isa = PBXFileReference; fileEncoding = 4; lastKnownFileType = sourcecode.swift; path = XXXProductManager.swift; sourceTree = "<group>"; };
		54C8DD6F1BAD48E60044C43D /* XXXPurchaseManager.swift */ = {isa = PBXFileReference; fileEncoding = 4; lastKnownFileType = sourcecode.swift; path = XXXPurchaseManager.swift; sourceTree = "<group>"; };
/* End PBXFileReference section */

/* Begin PBXFrameworksBuildPhase section */
		54C8DD551BAD44810044C43D /* Frameworks */ = {
			isa = PBXFrameworksBuildPhase;
			buildActionMask = 2147483647;
			files = (
			);
			runOnlyForDeploymentPostprocessing = 0;
		};
/* End PBXFrameworksBuildPhase section */

/* Begin PBXGroup section */
		54C8DD4F1BAD44810044C43D = {
			isa = PBXGroup;
			children = (
				54C8DD5A1BAD44810044C43D /* PurchaseSample */,
				54C8DD591BAD44810044C43D /* Products */,
			);
			sourceTree = "<group>";
		};
		54C8DD591BAD44810044C43D /* Products */ = {
			isa = PBXGroup;
			children = (
				54C8DD581BAD44810044C43D /* PurchaseSample.app */,
			);
			name = Products;
			sourceTree = "<group>";
		};
		54C8DD5A1BAD44810044C43D /* PurchaseSample */ = {
			isa = PBXGroup;
			children = (
				54C8DD5B1BAD44810044C43D /* AppDelegate.swift */,
				54C8DD5D1BAD44810044C43D /* ViewController.swift */,
				54C8DD6D1BAD46960044C43D /* XXXProductManager.swift */,
				54C8DD6F1BAD48E60044C43D /* XXXPurchaseManager.swift */,
				54C8DD5F1BAD44810044C43D /* Main.storyboard */,
				54C8DD621BAD44810044C43D /* Assets.xcassets */,
				54C8DD641BAD44810044C43D /* LaunchScreen.storyboard */,
				54C8DD671BAD44810044C43D /* Info.plist */,
			);
			path = PurchaseSample;
			sourceTree = "<group>";
		};
/* End PBXGroup section */

/* Begin PBXNativeTarget section */
		54C8DD571BAD44810044C43D /* PurchaseSample */ = {
			isa = PBXNativeTarget;
			buildConfigurationList = 54C8DD6A1BAD44810044C43D /* Build configuration list for PBXNativeTarget "PurchaseSample" */;
			buildPhases = (
				54C8DD541BAD44810044C43D /* Sources */,
				54C8DD551BAD44810044C43D /* Frameworks */,
				54C8DD561BAD44810044C43D /* Resources */,
			);
			buildRules = (
			);
			dependencies = (
			);
			name = PurchaseSample;
			productName = PurchaseSample;
			productReference = 54C8DD581BAD44810044C43D /* PurchaseSample.app */;
			productType = "com.apple.product-type.application";
		};
/* End PBXNativeTarget section */

/* Begin PBXProject section */
		54C8DD501BAD44810044C43D /* Project object */ = {
			isa = PBXProject;
			attributes = {
				LastUpgradeCheck = 0700;
				ORGANIZATIONNAME = Shin;
				TargetAttributes = {
					54C8DD571BAD44810044C43D = {
						CreatedOnToolsVersion = 7.0;
					};
				};
			};
			buildConfigurationList = 54C8DD531BAD44810044C43D /* Build configuration list for PBXProject "PurchaseSample" */;
			compatibilityVersion = "Xcode 3.2";
			developmentRegion = English;
			hasScannedForEncodings = 0;
			knownRegions = (
				en,
				Base,
			);
			mainGroup = 54C8DD4F1BAD44810044C43D;
			productRefGroup = 54C8DD591BAD44810044C43D /* Products */;
			projectDirPath = "";
			projectRoot = "";
			targets = (
				54C8DD571BAD44810044C43D /* PurchaseSample */,
			);
		};
/* End PBXProject section */

/* Begin PBXResourcesBuildPhase section */
		54C8DD561BAD44810044C43D /* Resources */ = {
			isa = PBXResourcesBuildPhase;
			buildActionMask = 2147483647;
			files = (
				54C8DD661BAD44810044C43D /* LaunchScreen.storyboard in Resources */,
				54C8DD631BAD44810044C43D /* Assets.xcassets in Resources */,
				54C8DD611BAD44810044C43D /* Main.storyboard in Resources */,
			);
			runOnlyForDeploymentPostprocessing = 0;
		};
/* End PBXResourcesBuildPhase section */

/* Begin PBXSourcesBuildPhase section */
		54C8DD541BAD44810044C43D /* Sources */ = {
			isa = PBXSourcesBuildPhase;
			buildActionMask = 2147483647;
			files = (
				54C8DD5E1BAD44810044C43D /* ViewController.swift in Sources */,
				54C8DD701BAD48E60044C43D /* XXXPurchaseManager.swift in Sources */,
				54C8DD5C1BAD44810044C43D /* AppDelegate.swift in Sources */,
				54C8DD6E1BAD46960044C43D /* XXXProductManager.swift in Sources */,
			);
			runOnlyForDeploymentPostprocessing = 0;
		};
/* End PBXSourcesBuildPhase section */

/* Begin PBXVariantGroup section */
		54C8DD5F1BAD44810044C43D /* Main.storyboard */ = {
			isa = PBXVariantGroup;
			children = (
				54C8DD601BAD44810044C43D /* Base */,
			);
			name = Main.storyboard;
			sourceTree = "<group>";
		};
		54C8DD641BAD44810044C43D /* LaunchScreen.storyboard */ = {
			isa = PBXVariantGroup;
			children = (
				54C8DD651BAD44810044C43D /* Base */,
			);
			name = LaunchScreen.storyboard;
			sourceTree = "<group>";
		};
/* End PBXVariantGroup section */

/* Begin XCBuildConfiguration section */
		54C8DD681BAD44810044C43D /* Debug */ = {
			isa = XCBuildConfiguration;
			buildSettings = {
				ALWAYS_SEARCH_USER_PATHS = NO;
				CLANG_CXX_LANGUAGE_STANDARD = "gnu++0x";
				CLANG_CXX_LIBRARY = "libc++";
				CLANG_ENABLE_MODULES = YES;
				CLANG_ENABLE_OBJC_ARC = YES;
				CLANG_WARN_BOOL_CONVERSION = YES;
				CLANG_WARN_CONSTANT_CONVERSION = YES;
				CLANG_WARN_DIRECT_OBJC_ISA_USAGE = YES_ERROR;
				CLANG_WARN_EMPTY_BODY = YES;
				CLANG_WARN_ENUM_CONVERSION = YES;
				CLANG_WARN_INT_CONVERSION = YES;
				CLANG_WARN_OBJC_ROOT_CLASS = YES_ERROR;
				CLANG_WARN_UNREACHABLE_CODE = YES;
				CLANG_WARN__DUPLICATE_METHOD_MATCH = YES;
				"CODE_SIGN_IDENTITY[sdk=iphoneos*]" = "iPhone Developer";
				COPY_PHASE_STRIP = NO;
				DEBUG_INFORMATION_FORMAT = dwarf;
				ENABLE_STRICT_OBJC_MSGSEND = YES;
				ENABLE_TESTABILITY = YES;
				GCC_C_LANGUAGE_STANDARD = gnu99;
				GCC_DYNAMIC_NO_PIC = NO;
				GCC_NO_COMMON_BLOCKS = YES;
				GCC_OPTIMIZATION_LEVEL = 0;
				GCC_PREPROCESSOR_DEFINITIONS = (
					"DEBUG=1",
					"$(inherited)",
				);
				GCC_WARN_64_TO_32_BIT_CONVERSION = YES;
				GCC_WARN_ABOUT_RETURN_TYPE = YES_ERROR;
				GCC_WARN_UNDECLARED_SELECTOR = YES;
				GCC_WARN_UNINITIALIZED_AUTOS = YES_AGGRESSIVE;
				GCC_WARN_UNUSED_FUNCTION = YES;
				GCC_WARN_UNUSED_VARIABLE = YES;
				IPHONEOS_DEPLOYMENT_TARGET = 9.0;
				MTL_ENABLE_DEBUG_INFO = YES;
				ONLY_ACTIVE_ARCH = YES;
				SDKROOT = iphoneos;
				SWIFT_OPTIMIZATION_LEVEL = "-Onone";
				TARGETED_DEVICE_FAMILY = "1,2";
			};
			name = Debug;
		};
		54C8DD691BAD44810044C43D /* Release */ = {
			isa = XCBuildConfiguration;
			buildSettings = {
				ALWAYS_SEARCH_USER_PATHS = NO;
				CLANG_CXX_LANGUAGE_STANDARD = "gnu++0x";
				CLANG_CXX_LIBRARY = "libc++";
				CLANG_ENABLE_MODULES = YES;
				CLANG_ENABLE_OBJC_ARC = YES;
				CLANG_WARN_BOOL_CONVERSION = YES;
				CLANG_WARN_CONSTANT_CONVERSION = YES;
				CLANG_WARN_DIRECT_OBJC_ISA_USAGE = YES_ERROR;
				CLANG_WARN_EMPTY_BODY = YES;
				CLANG_WARN_ENUM_CONVERSION = YES;
				CLANG_WARN_INT_CONVERSION = YES;
				CLANG_WARN_OBJC_ROOT_CLASS = YES_ERROR;
				CLANG_WARN_UNREACHABLE_CODE = YES;
				CLANG_WARN__DUPLICATE_METHOD_MATCH = YES;
				"CODE_SIGN_IDENTITY[sdk=iphoneos*]" = "iPhone Developer";
				COPY_PHASE_STRIP = NO;
				DEBUG_INFORMATION_FORMAT = "dwarf-with-dsym";
				ENABLE_NS_ASSERTIONS = NO;
				ENABLE_STRICT_OBJC_MSGSEND = YES;
				GCC_C_LANGUAGE_STANDARD = gnu99;
				GCC_NO_COMMON_BLOCKS = YES;
				GCC_WARN_64_TO_32_BIT_CONVERSION = YES;
				GCC_WARN_ABOUT_RETURN_TYPE = YES_ERROR;
				GCC_WARN_UNDECLARED_SELECTOR = YES;
				GCC_WARN_UNINITIALIZED_AUTOS = YES_AGGRESSIVE;
				GCC_WARN_UNUSED_FUNCTION = YES;
				GCC_WARN_UNUSED_VARIABLE = YES;
				IPHONEOS_DEPLOYMENT_TARGET = 9.0;
				MTL_ENABLE_DEBUG_INFO = NO;
				SDKROOT = iphoneos;
				TARGETED_DEVICE_FAMILY = "1,2";
				VALIDATE_PRODUCT = YES;
			};
			name = Release;
		};
		54C8DD6B1BAD44810044C43D /* Debug */ = {
			isa = XCBuildConfiguration;
			buildSettings = {
				ASSETCATALOG_COMPILER_APPICON_NAME = AppIcon;
				INFOPLIST_FILE = PurchaseSample/Info.plist;
				LD_RUNPATH_SEARCH_PATHS = "$(inherited) @executable_path/Frameworks";
				PRODUCT_BUNDLE_IDENTIFIER = shin.PurchaseSample;
				PRODUCT_NAME = "$(TARGET_NAME)";
			};
			name = Debug;
		};
		54C8DD6C1BAD44810044C43D /* Release */ = {
			isa = XCBuildConfiguration;
			buildSettings = {
				ASSETCATALOG_COMPILER_APPICON_NAME = AppIcon;
				INFOPLIST_FILE = PurchaseSample/Info.plist;
				LD_RUNPATH_SEARCH_PATHS = "$(inherited) @executable_path/Frameworks";
				PRODUCT_BUNDLE_IDENTIFIER = shin.PurchaseSample;
				PRODUCT_NAME = "$(TARGET_NAME)";
			};
			name = Release;
		};
/* End XCBuildConfiguration section */

/* Begin XCConfigurationList section */
		54C8DD531BAD44810044C43D /* Build configuration list for PBXProject "PurchaseSample" */ = {
			isa = XCConfigurationList;
			buildConfigurations = (
				54C8DD681BAD44810044C43D /* Debug */,
				54C8DD691BAD44810044C43D /* Release */,
			);
			defaultConfigurationIsVisible = 0;
			defaultConfigurationName = Release;
		};
		54C8DD6A1BAD44810044C43D /* Build configuration list for PBXNativeTarget "PurchaseSample" */ = {
			isa = XCConfigurationList;
			buildConfigurations = (
				54C8DD6B1BAD44810044C43D /* Debug */,
				54C8DD6C1BAD44810044C43D /* Release */,
			);
			defaultConfigurationIsVisible = 0;
			defaultConfigurationName = Release;
		};
/* End XCConfigurationList section */
	};
	rootObject = 54C8DD501BAD44810044C43D /* Project object */;
}
